
Microsoft Visual Studio Solution File, Format Version 12.00
# Visual Studio Version 17
VisualStudioVersion = 17.13.35931.197 d17.13
MinimumVisualStudioVersion = 10.0.40219.1
Project("{FAE04EC0-301F-11D3-BF4B-00C04F79EFBC}") = "ctrujilloExamen", "ctrujilloExamen.csproj", "{C8804FF2-55B8-4740-8E66-4A34457DEEA8}"
EndProject
Global
	GlobalSection(SolutionConfigurationPlatforms) = preSolution
		Debug|Any CPU = Debug|Any CPU
		Release|Any CPU = Release|Any CPU
	EndGlobalSection
	GlobalSection(ProjectConfigurationPlatforms) = postSolution
		{C8804FF2-55B8-4740-8E66-4A34457DEEA8}.Debug|Any CPU.ActiveCfg = Debug|Any CPU
		{C8804FF2-55B8-4740-8E66-4A34457DEEA8}.Debug|Any CPU.Build.0 = Debug|Any CPU
		{C8804FF2-55B8-4740-8E66-4A34457DEEA8}.Release|Any CPU.ActiveCfg = Release|Any CPU
		{C8804FF2-55B8-4740-8E66-4A34457DEEA8}.Release|Any CPU.Build.0 = Release|Any CPU
	EndGlobalSection
	GlobalSection(SolutionProperties) = preSolution
		HideSolutionNode = FALSE
	EndGlobalSection
	GlobalSection(ExtensibilityGlobals) = postSolution
		SolutionGuid = {228373D4-177D-45ED-BEF7-308016337D49}
	EndGlobalSection
EndGlobal
